<?xml version="1.0" encoding="UTF-8" standalone="yes" ?>
<CodeBlocks_project_file>
	<FileVersion major="1" minor="6" />
	<Project>
		<Option title="Glit-bot" />
		<Option pch_mode="2" />
		<Option compiler="gcc" />
		<Build>
			<Target title="Debug">
				<Option output="bin/Debug/TowerGame" prefix_auto="1" extension_auto="1" />
				<Option object_output="obj/Debug/" />
				<Option type="1" />
				<Option compiler="gcc" />
				<Compiler>
					<Add option="-std=c++11" />
					<Add option="-g" />
					<Add directory="allegro/include" />
				</Compiler>
				<Linker>
					<Add library="allegro/lib/liballegro_monolith-debug.dll.a" />
				</Linker>
			</Target>
			<Target title="Release">
				<Option output="bin/Release/TowerGame" prefix_auto="1" extension_auto="1" />
				<Option object_output="obj/Release/" />
				<Option type="0" />
				<Option compiler="gcc" />
				<Compiler>
					<Add option="-O2" />
					<Add option="-std=c++11" />
				</Compiler>
				<Linker>
					<Add option="-s" />
					<Add library="../allegro/lib/liballegro_monolith.dll.a" />
				</Linker>
			</Target>
		</Build>
		<Compiler>
			<Add option="-Wall" />
			<Add directory="../allegro/include" />
		</Compiler>
		<Unit filename="Bullet.cpp" />
		<Unit filename="Bullet.h" />
		<Unit filename="Circle.cpp" />
		<Unit filename="Circle.h" />
		<Unit filename="DataCenter.cpp" />
		<Unit filename="DataCenter.h" />
		<Unit filename="Hero.cpp" />
		<Unit filename="Hero.h" />
		<Unit filename="Main.cpp" />
		<Unit filename="Monster.cpp" />
		<Unit filename="Monster.h" />
		<Unit filename="Object.h" />
		<Unit filename="game_window.cpp" />
		<Unit filename="game_window.h" />
		<Unit filename="global.cpp" />
		<Unit filename="global.h" />
		<Unit filename="scene_classes/end_scene.cpp" />
		<Unit filename="scene_classes/end_scene.h" />
		<Unit filename="scene_classes/game_scene.cpp" />
		<Unit filename="scene_classes/game_scene.h" />
		<Unit filename="scene_classes/setting_scene.cpp" />
		<Unit filename="scene_classes/setting_scene.h" />
		<Unit filename="scene_classes/title_scene.cpp" />
		<Unit filename="scene_classes/title_scene.h" />
		<Unit filename="scene_manager.cpp" />
		<Unit filename="scene_manager.h" />
		<Extensions>
			<lib_finder disable_auto="1" />
		</Extensions>
	</Project>
</CodeBlocks_project_file>
